// !$*UTF8*$!
{
	archiveVersion = 1;
	classes = {
	};
	objectVersion = 46;
	objects = {

/* Begin PBXBuildFile section */
		8D5514AD1B6550A100B99129 /* PKPokemonTableViewController.m in Sources */ = {isa = PBXBuildFile; fileRef = 8D5514AC1B6550A100B99129 /* PKPokemonTableViewController.m */; };
		8D89780D1B6491FD00AA557E /* main.m in Sources */ = {isa = PBXBuildFile; fileRef = 8D89780C1B6491FD00AA557E /* main.m */; };
		8D8978101B6491FD00AA557E /* AppDelegate.m in Sources */ = {isa = PBXBuildFile; fileRef = 8D89780F1B6491FD00AA557E /* AppDelegate.m */; };
		8D8978161B6491FD00AA557E /* Main.storyboard in Resources */ = {isa = PBXBuildFile; fileRef = 8D8978141B6491FD00AA557E /* Main.storyboard */; };
		8D8978181B6491FD00AA557E /* Images.xcassets in Resources */ = {isa = PBXBuildFile; fileRef = 8D8978171B6491FD00AA557E /* Images.xcassets */; };
		8D89781B1B6491FD00AA557E /* LaunchScreen.xib in Resources */ = {isa = PBXBuildFile; fileRef = 8D8978191B6491FD00AA557E /* LaunchScreen.xib */; };
		8D8978271B6491FE00AA557E /* TableViewTests.m in Sources */ = {isa = PBXBuildFile; fileRef = 8D8978261B6491FE00AA557E /* TableViewTests.m */; };
/* End PBXBuildFile section */

/* Begin PBXContainerItemProxy section */
		8D8978211B6491FE00AA557E /* PBXContainerItemProxy */ = {
			isa = PBXContainerItemProxy;
			containerPortal = 8D8977FF1B6491FD00AA557E /* Project object */;
			proxyType = 1;
			remoteGlobalIDString = 8D8978061B6491FD00AA557E;
			remoteInfo = TableView;
		};
/* End PBXContainerItemProxy section */

/* Begin PBXFileReference section */
		8D5514AB1B6550A100B99129 /* PKPokemonTableViewController.h */ = {isa = PBXFileReference; fileEncoding = 4; lastKnownFileType = sourcecode.c.h; path = PKPokemonTableViewController.h; sourceTree = "<group>"; };
		8D5514AC1B6550A100B99129 /* PKPokemonTableViewController.m */ = {isa = PBXFileReference; fileEncoding = 4; lastKnownFileType = sourcecode.c.objc; path = PKPokemonTableViewController.m; sourceTree = "<group>"; };
		8D8978071B6491FD00AA557E /* TableView.app */ = {isa = PBXFileReference; explicitFileType = wrapper.application; includeInIndex = 0; path = TableView.app; sourceTree = BUILT_PRODUCTS_DIR; };
		8D89780B1B6491FD00AA557E /* Info.plist */ = {isa = PBXFileReference; lastKnownFileType = text.plist.xml; path = Info.plist; sourceTree = "<group>"; };
		8D89780C1B6491FD00AA557E /* main.m */ = {isa = PBXFileReference; lastKnownFileType = sourcecode.c.objc; path = main.m; sourceTree = "<group>"; };
		8D89780E1B6491FD00AA557E /* AppDelegate.h */ = {isa = PBXFileReference; lastKnownFileType = sourcecode.c.h; path = AppDelegate.h; sourceTree = "<group>"; };
		8D89780F1B6491FD00AA557E /* AppDelegate.m */ = {isa = PBXFileReference; lastKnownFileType = sourcecode.c.objc; path = AppDelegate.m; sourceTree = "<group>"; };
		8D8978151B6491FD00AA557E /* Base */ = {isa = PBXFileReference; lastKnownFileType = file.storyboard; name = Base; path = Base.lproj/Main.storyboard; sourceTree = "<group>"; };
		8D8978171B6491FD00AA557E /* Images.xcassets */ = {isa = PBXFileReference; lastKnownFileType = folder.assetcatalog; path = Images.xcassets; sourceTree = "<group>"; };
		8D89781A1B6491FD00AA557E /* Base */ = {isa = PBXFileReference; lastKnownFileType = file.xib; name = Base; path = Base.lproj/LaunchScreen.xib; sourceTree = "<group>"; };
		8D8978201B6491FE00AA557E /* TableViewTests.xctest */ = {isa = PBXFileReference; explicitFileType = wrapper.cfbundle; includeInIndex = 0; path = TableViewTests.xctest; sourceTree = BUILT_PRODUCTS_DIR; };
		8D8978251B6491FE00AA557E /* Info.plist */ = {isa = PBXFileReference; lastKnownFileType = text.plist.xml; path = Info.plist; sourceTree = "<group>"; };
		8D8978261B6491FE00AA557E /* TableViewTests.m */ = {isa = PBXFileReference; lastKnownFileType = sourcecode.c.objc; path = TableViewTests.m; sourceTree = "<group>"; };
/* End PBXFileReference section */

/* Begin PBXFrameworksBuildPhase section */
		8D8978041B6491FD00AA557E /* Frameworks */ = {
			isa = PBXFrameworksBuildPhase;
			buildActionMask = 2147483647;
			files = (
			);
			runOnlyForDeploymentPostprocessing = 0;
		};
		8D89781D1B6491FE00AA557E /* Frameworks */ = {
			isa = PBXFrameworksBuildPhase;
			buildActionMask = 2147483647;
			files = (
			);
			runOnlyForDeploymentPostprocessing = 0;
		};
/* End PBXFrameworksBuildPhase section */

/* Begin PBXGroup section */
		8D8977FE1B6491FD00AA557E = {
			isa = PBXGroup;
			children = (
				8D8978091B6491FD00AA557E /* TableView */,
				8D8978231B6491FE00AA557E /* TableViewTests */,
				8D8978081B6491FD00AA557E /* Products */,
			);
			sourceTree = "<group>";
		};
		8D8978081B6491FD00AA557E /* Products */ = {
			isa = PBXGroup;
			children = (
				8D8978071B6491FD00AA557E /* TableView.app */,
				8D8978201B6491FE00AA557E /* TableViewTests.xctest */,
			);
			name = Products;
			sourceTree = "<group>";
		};
		8D8978091B6491FD00AA557E /* TableView */ = {
			isa = PBXGroup;
			children = (
				8D89780E1B6491FD00AA557E /* AppDelegate.h */,
				8D89780F1B6491FD00AA557E /* AppDelegate.m */,
				8D5514AB1B6550A100B99129 /* PKPokemonTableViewController.h */,
				8D5514AC1B6550A100B99129 /* PKPokemonTableViewController.m */,
				8D8978141B6491FD00AA557E /* Main.storyboard */,
				8D8978171B6491FD00AA557E /* Images.xcassets */,
				8D8978191B6491FD00AA557E /* LaunchScreen.xib */,
				8D89780A1B6491FD00AA557E /* Supporting Files */,
			);
			path = TableView;
			sourceTree = "<group>";
		};
		8D89780A1B6491FD00AA557E /* Supporting Files */ = {
			isa = PBXGroup;
			children = (
				8D89780B1B6491FD00AA557E /* Info.plist */,
				8D89780C1B6491FD00AA557E /* main.m */,
			);
			name = "Supporting Files";
			sourceTree = "<group>";
		};
		8D8978231B6491FE00AA557E /* TableViewTests */ = {
			isa = PBXGroup;
			children = (
				8D8978261B6491FE00AA557E /* TableViewTests.m */,
				8D8978241B6491FE00AA557E /* Supporting Files */,
			);
			path = TableViewTests;
			sourceTree = "<group>";
		};
		8D8978241B6491FE00AA557E /* Supporting Files */ = {
			isa = PBXGroup;
			children = (
				8D8978251B6491FE00AA557E /* Info.plist */,
			);
			name = "Supporting Files";
			sourceTree = "<group>";
		};
/* End PBXGroup section */

/* Begin PBXNativeTarget section */
		8D8978061B6491FD00AA557E /* TableView */ = {
			isa = PBXNativeTarget;
			buildConfigurationList = 8D89782A1B6491FE00AA557E /* Build configuration list for PBXNativeTarget "TableView" */;
			buildPhases = (
				8D8978031B6491FD00AA557E /* Sources */,
				8D8978041B6491FD00AA557E /* Frameworks */,
				8D8978051B6491FD00AA557E /* Resources */,
			);
			buildRules = (
			);
			dependencies = (
			);
			name = TableView;
			productName = TableView;
			productReference = 8D8978071B6491FD00AA557E /* TableView.app */;
			productType = "com.apple.product-type.application";
		};
		8D89781F1B6491FE00AA557E /* TableViewTests */ = {
			isa = PBXNativeTarget;
			buildConfigurationList = 8D89782D1B6491FE00AA557E /* Build configuration list for PBXNativeTarget "TableViewTests" */;
			buildPhases = (
				8D89781C1B6491FE00AA557E /* Sources */,
				8D89781D1B6491FE00AA557E /* Frameworks */,
				8D89781E1B6491FE00AA557E /* Resources */,
			);
			buildRules = (
			);
			dependencies = (
				8D8978221B6491FE00AA557E /* PBXTargetDependency */,
			);
			name = TableViewTests;
			productName = TableViewTests;
			productReference = 8D8978201B6491FE00AA557E /* TableViewTests.xctest */;
			productType = "com.apple.product-type.bundle.unit-test";
		};
/* End PBXNativeTarget section */

/* Begin PBXProject section */
		8D8977FF1B6491FD00AA557E /* Project object */ = {
			isa = PBXProject;
			attributes = {
				LastUpgradeCheck = 0640;
				ORGANIZATIONNAME = "Mike Kavouras";
				TargetAttributes = {
					8D8978061B6491FD00AA557E = {
						CreatedOnToolsVersion = 6.4;
					};
					8D89781F1B6491FE00AA557E = {
						CreatedOnToolsVersion = 6.4;
						TestTargetID = 8D8978061B6491FD00AA557E;
					};
				};
			};
			buildConfigurationList = 8D8978021B6491FD00AA557E /* Build configuration list for PBXProject "TableView" */;
			compatibilityVersion = "Xcode 3.2";
			developmentRegion = English;
			hasScannedForEncodings = 0;
			knownRegions = (
				en,
				Base,
			);
			mainGroup = 8D8977FE1B6491FD00AA557E;
			productRefGroup = 8D8978081B6491FD00AA557E /* Products */;
			projectDirPath = "";
			projectRoot = "";
			targets = (
				8D8978061B6491FD00AA557E /* TableView */,
				8D89781F1B6491FE00AA557E /* TableViewTests */,
			);
		};
/* End PBXProject section */

/* Begin PBXResourcesBuildPhase section */
		8D8978051B6491FD00AA557E /* Resources */ = {
			isa = PBXResourcesBuildPhase;
			buildActionMask = 2147483647;
			files = (
				8D8978161B6491FD00AA557E /* Main.storyboard in Resources */,
				8D89781B1B6491FD00AA557E /* LaunchScreen.xib in Resources */,
				8D8978181B6491FD00AA557E /* Images.xcassets in Resources */,
			);
			runOnlyForDeploymentPostprocessing = 0;
		};
		8D89781E1B6491FE00AA557E /* Resources */ = {
			isa = PBXResourcesBuildPhase;
			buildActionMask = 2147483647;
			files = (
			);
			runOnlyForDeploymentPostprocessing = 0;
		};
/* End PBXResourcesBuildPhase section */

/* Begin PBXSourcesBuildPhase section */
		8D8978031B6491FD00AA557E /* Sources */ = {
			isa = PBXSourcesBuildPhase;
			buildActionMask = 2147483647;
			files = (
				8D8978101B6491FD00AA557E /* AppDelegate.m in Sources */,
				8D5514AD1B6550A100B99129 /* PKPokemonTableViewController.m in Sources */,
				8D89780D1B6491FD00AA557E /* main.m in Sources */,
			);
			runOnlyForDeploymentPostprocessing = 0;
		};
		8D89781C1B6491FE00AA557E /* Sources */ = {
			isa = PBXSourcesBuildPhase;
			buildActionMask = 2147483647;
			files = (
				8D8978271B6491FE00AA557E /* TableViewTests.m in Sources */,
			);
			runOnlyForDeploymentPostprocessing = 0;
		};
/* End PBXSourcesBuildPhase section */

/* Begin PBXTargetDependency section */
		8D8978221B6491FE00AA557E /* PBXTargetDependency */ = {
			isa = PBXTargetDependency;
			target = 8D8978061B6491FD00AA557E /* TableView */;
			targetProxy = 8D8978211B6491FE00AA557E /* PBXContainerItemProxy */;
		};
/* End PBXTargetDependency section */

/* Begin PBXVariantGroup section */
		8D8978141B6491FD00AA557E /* Main.storyboard */ = {
			isa = PBXVariantGroup;
			children = (
				8D8978151B6491FD00AA557E /* Base */,
			);
			name = Main.storyboard;
			sourceTree = "<group>";
		};
		8D8978191B6491FD00AA557E /* LaunchScreen.xib */ = {
			isa = PBXVariantGroup;
			children = (
				8D89781A1B6491FD00AA557E /* Base */,
			);
			name = LaunchScreen.xib;
			sourceTree = "<group>";
		};
/* End PBXVariantGroup section */

/* Begin XCBuildConfiguration section */
		8D8978281B6491FE00AA557E /* Debug */ = {
			isa = XCBuildConfiguration;
			buildSettings = {
				ALWAYS_SEARCH_USER_PATHS = NO;
				CLANG_CXX_LANGUAGE_STANDARD = "gnu++0x";
				CLANG_CXX_LIBRARY = "libc++";
				CLANG_ENABLE_MODULES = YES;
				CLANG_ENABLE_OBJC_ARC = YES;
				CLANG_WARN_BOOL_CONVERSION = YES;
				CLANG_WARN_CONSTANT_CONVERSION = YES;
				CLANG_WARN_DIRECT_OBJC_ISA_USAGE = YES_ERROR;
				CLANG_WARN_EMPTY_BODY = YES;
				CLANG_WARN_ENUM_CONVERSION = YES;
				CLANG_WARN_INT_CONVERSION = YES;
				CLANG_WARN_OBJC_ROOT_CLASS = YES_ERROR;
				CLANG_WARN_UNREACHABLE_CODE = YES;
				CLANG_WARN__DUPLICATE_METHOD_MATCH = YES;
				"CODE_SIGN_IDENTITY[sdk=iphoneos*]" = "iPhone Developer";
				COPY_PHASE_STRIP = NO;
				DEBUG_INFORMATION_FORMAT = "dwarf-with-dsym";
				ENABLE_STRICT_OBJC_MSGSEND = YES;
				GCC_C_LANGUAGE_STANDARD = gnu99;
				GCC_DYNAMIC_NO_PIC = NO;
				GCC_NO_COMMON_BLOCKS = YES;
				GCC_OPTIMIZATION_LEVEL = 0;
				GCC_PREPROCESSOR_DEFINITIONS = (
					"DEBUG=1",
					"$(inherited)",
				);
				GCC_SYMBOLS_PRIVATE_EXTERN = NO;
				GCC_WARN_64_TO_32_BIT_CONVERSION = YES;
				GCC_WARN_ABOUT_RETURN_TYPE = YES_ERROR;
				GCC_WARN_UNDECLARED_SELECTOR = YES;
				GCC_WARN_UNINITIALIZED_AUTOS = YES_AGGRESSIVE;
				GCC_WARN_UNUSED_FUNCTION = YES;
				GCC_WARN_UNUSED_VARIABLE = YES;
				IPHONEOS_DEPLOYMENT_TARGET = 8.4;
				MTL_ENABLE_DEBUG_INFO = YES;
				ONLY_ACTIVE_ARCH = YES;
				SDKROOT = iphoneos;
			};
			name = Debug;
		};
		8D8978291B6491FE00AA557E /* Release */ = {
			isa = XCBuildConfiguration;
			buildSettings = {
				ALWAYS_SEARCH_USER_PATHS = NO;
				CLANG_CXX_LANGUAGE_STANDARD = "gnu++0x";
				CLANG_CXX_LIBRARY = "libc++";
				CLANG_ENABLE_MODULES = YES;
				CLANG_ENABLE_OBJC_ARC = YES;
				CLANG_WARN_BOOL_CONVERSION = YES;
				CLANG_WARN_CONSTANT_CONVERSION = YES;
				CLANG_WARN_DIRECT_OBJC_ISA_USAGE = YES_ERROR;
				CLANG_WARN_EMPTY_BODY = YES;
				CLANG_WARN_ENUM_CONVERSION = YES;
				CLANG_WARN_INT_CONVERSION = YES;
				CLANG_WARN_OBJC_ROOT_CLASS = YES_ERROR;
				CLANG_WARN_UNREACHABLE_CODE = YES;
				CLANG_WARN__DUPLICATE_METHOD_MATCH = YES;
				"CODE_SIGN_IDENTITY[sdk=iphoneos*]" = "iPhone Developer";
				COPY_PHASE_STRIP = NO;
				DEBUG_INFORMATION_FORMAT = "dwarf-with-dsym";
				ENABLE_NS_ASSERTIONS = NO;
				ENABLE_STRICT_OBJC_MSGSEND = YES;
				GCC_C_LANGUAGE_STANDARD = gnu99;
				GCC_NO_COMMON_BLOCKS = YES;
				GCC_WARN_64_TO_32_BIT_CONVERSION = YES;
				GCC_WARN_ABOUT_RETURN_TYPE = YES_ERROR;
				GCC_WARN_UNDECLARED_SELECTOR = YES;
				GCC_WARN_UNINITIALIZED_AUTOS = YES_AGGRESSIVE;
				GCC_WARN_UNUSED_FUNCTION = YES;
				GCC_WARN_UNUSED_VARIABLE = YES;
				IPHONEOS_DEPLOYMENT_TARGET = 8.4;
				MTL_ENABLE_DEBUG_INFO = NO;
				SDKROOT = iphoneos;
				VALIDATE_PRODUCT = YES;
			};
			name = Release;
		};
		8D89782B1B6491FE00AA557E /* Debug */ = {
			isa = XCBuildConfiguration;
			buildSettings = {
				ASSETCATALOG_COMPILER_APPICON_NAME = AppIcon;
				INFOPLIST_FILE = TableView/Info.plist;
				LD_RUNPATH_SEARCH_PATHS = "$(inherited) @executable_path/Frameworks";
				PRODUCT_NAME = "$(TARGET_NAME)";
			};
			name = Debug;
		};
		8D89782C1B6491FE00AA557E /* Release */ = {
			isa = XCBuildConfiguration;
			buildSettings = {
				ASSETCATALOG_COMPILER_APPICON_NAME = AppIcon;
				INFOPLIST_FILE = TableView/Info.plist;
				LD_RUNPATH_SEARCH_PATHS = "$(inherited) @executable_path/Frameworks";
				PRODUCT_NAME = "$(TARGET_NAME)";
			};
			name = Release;
		};
		8D89782E1B6491FE00AA557E /* Debug */ = {
			isa = XCBuildConfiguration;
			buildSettings = {
				BUNDLE_LOADER = "$(TEST_HOST)";
				FRAMEWORK_SEARCH_PATHS = (
					"$(SDKROOT)/Developer/Library/Frameworks",
					"$(inherited)",
				);
				GCC_PREPROCESSOR_DEFINITIONS = (
					"DEBUG=1",
					"$(inherited)",
				);
				INFOPLIST_FILE = TableViewTests/Info.plist;
				LD_RUNPATH_SEARCH_PATHS = "$(inherited) @executable_path/Frameworks @loader_path/Frameworks";
				PRODUCT_NAME = "$(TARGET_NAME)";
				TEST_HOST = "$(BUILT_PRODUCTS_DIR)/TableView.app/TableView";
			};
			name = Debug;
		};
		8D89782F1B6491FE00AA557E /* Release */ = {
			isa = XCBuildConfiguration;
			buildSettings = {
				BUNDLE_LOADER = "$(TEST_HOST)";
				FRAMEWORK_SEARCH_PATHS = (
					"$(SDKROOT)/Developer/Library/Frameworks",
					"$(inherited)",
				);
				INFOPLIST_FILE = TableViewTests/Info.plist;
				LD_RUNPATH_SEARCH_PATHS = "$(inherited) @executable_path/Frameworks @loader_path/Frameworks";
				PRODUCT_NAME = "$(TARGET_NAME)";
				TEST_HOST = "$(BUILT_PRODUCTS_DIR)/TableView.app/TableView";
			};
			name = Release;
		};
/* End XCBuildConfiguration section */

/* Begin XCConfigurationList section */
		8D8978021B6491FD00AA557E /* Build configuration list for PBXProject "TableView" */ = {
			isa = XCConfigurationList;
			buildConfigurations = (
				8D8978281B6491FE00AA557E /* Debug */,
				8D8978291B6491FE00AA557E /* Release */,
			);
			defaultConfigurationIsVisible = 0;
			defaultConfigurationName = Release;
		};
		8D89782A1B6491FE00AA557E /* Build configuration list for PBXNativeTarget "TableView" */ = {
			isa = XCConfigurationList;
			buildConfigurations = (
				8D89782B1B6491FE00AA557E /* Debug */,
				8D89782C1B6491FE00AA557E /* Release */,
			);
			defaultConfigurationIsVisible = 0;
			defaultConfigurationName = Release;
		};
		8D89782D1B6491FE00AA557E /* Build configuration list for PBXNativeTarget "TableViewTests" */ = {
			isa = XCConfigurationList;
			buildConfigurations = (
				8D89782E1B6491FE00AA557E /* Debug */,
				8D89782F1B6491FE00AA557E /* Release */,
			);
			defaultConfigurationIsVisible = 0;
			defaultConfigurationName = Release;
		};
/* End XCConfigurationList section */
	};
	rootObject = 8D8977FF1B6491FD00AA557E /* Project object */;
}
