// !$*UTF8*$!
{
	archiveVersion = 1;
	classes = {
	};
	objectVersion = 46;
	objects = {

/* Begin PBXBuildFile section */
		8D7213DF1B6C710300274140 /* main.m in Sources */ = {isa = PBXBuildFile; fileRef = 8D7213DE1B6C710300274140 /* main.m */; };
		8D7213E21B6C710300274140 /* AppDelegate.m in Sources */ = {isa = PBXBuildFile; fileRef = 8D7213E11B6C710300274140 /* AppDelegate.m */; };
		8D7213E51B6C710300274140 /* ViewController.m in Sources */ = {isa = PBXBuildFile; fileRef = 8D7213E41B6C710300274140 /* ViewController.m */; };
		8D7213E81B6C710300274140 /* Main.storyboard in Resources */ = {isa = PBXBuildFile; fileRef = 8D7213E61B6C710300274140 /* Main.storyboard */; };
		8D7213EA1B6C710300274140 /* Images.xcassets in Resources */ = {isa = PBXBuildFile; fileRef = 8D7213E91B6C710300274140 /* Images.xcassets */; };
		8D7213ED1B6C710300274140 /* LaunchScreen.xib in Resources */ = {isa = PBXBuildFile; fileRef = 8D7213EB1B6C710300274140 /* LaunchScreen.xib */; };
		8D7213F91B6C710300274140 /* PKPokedexTests.m in Sources */ = {isa = PBXBuildFile; fileRef = 8D7213F81B6C710300274140 /* PKPokedexTests.m */; };
/* End PBXBuildFile section */

/* Begin PBXContainerItemProxy section */
		8D7213F31B6C710300274140 /* PBXContainerItemProxy */ = {
			isa = PBXContainerItemProxy;
			containerPortal = 8D7213D11B6C710300274140 /* Project object */;
			proxyType = 1;
			remoteGlobalIDString = 8D7213D81B6C710300274140;
			remoteInfo = PKPokedex;
		};
/* End PBXContainerItemProxy section */

/* Begin PBXFileReference section */
		8D7213D91B6C710300274140 /* PKPokedex.app */ = {isa = PBXFileReference; explicitFileType = wrapper.application; includeInIndex = 0; path = PKPokedex.app; sourceTree = BUILT_PRODUCTS_DIR; };
		8D7213DD1B6C710300274140 /* Info.plist */ = {isa = PBXFileReference; lastKnownFileType = text.plist.xml; path = Info.plist; sourceTree = "<group>"; };
		8D7213DE1B6C710300274140 /* main.m */ = {isa = PBXFileReference; lastKnownFileType = sourcecode.c.objc; path = main.m; sourceTree = "<group>"; };
		8D7213E01B6C710300274140 /* AppDelegate.h */ = {isa = PBXFileReference; lastKnownFileType = sourcecode.c.h; path = AppDelegate.h; sourceTree = "<group>"; };
		8D7213E11B6C710300274140 /* AppDelegate.m */ = {isa = PBXFileReference; lastKnownFileType = sourcecode.c.objc; path = AppDelegate.m; sourceTree = "<group>"; };
		8D7213E31B6C710300274140 /* ViewController.h */ = {isa = PBXFileReference; lastKnownFileType = sourcecode.c.h; path = ViewController.h; sourceTree = "<group>"; };
		8D7213E41B6C710300274140 /* ViewController.m */ = {isa = PBXFileReference; lastKnownFileType = sourcecode.c.objc; path = ViewController.m; sourceTree = "<group>"; };
		8D7213E71B6C710300274140 /* Base */ = {isa = PBXFileReference; lastKnownFileType = file.storyboard; name = Base; path = Base.lproj/Main.storyboard; sourceTree = "<group>"; };
		8D7213E91B6C710300274140 /* Images.xcassets */ = {isa = PBXFileReference; lastKnownFileType = folder.assetcatalog; path = Images.xcassets; sourceTree = "<group>"; };
		8D7213EC1B6C710300274140 /* Base */ = {isa = PBXFileReference; lastKnownFileType = file.xib; name = Base; path = Base.lproj/LaunchScreen.xib; sourceTree = "<group>"; };
		8D7213F21B6C710300274140 /* PKPokedexTests.xctest */ = {isa = PBXFileReference; explicitFileType = wrapper.cfbundle; includeInIndex = 0; path = PKPokedexTests.xctest; sourceTree = BUILT_PRODUCTS_DIR; };
		8D7213F71B6C710300274140 /* Info.plist */ = {isa = PBXFileReference; lastKnownFileType = text.plist.xml; path = Info.plist; sourceTree = "<group>"; };
		8D7213F81B6C710300274140 /* PKPokedexTests.m */ = {isa = PBXFileReference; lastKnownFileType = sourcecode.c.objc; path = PKPokedexTests.m; sourceTree = "<group>"; };
/* End PBXFileReference section */

/* Begin PBXFrameworksBuildPhase section */
		8D7213D61B6C710300274140 /* Frameworks */ = {
			isa = PBXFrameworksBuildPhase;
			buildActionMask = 2147483647;
			files = (
			);
			runOnlyForDeploymentPostprocessing = 0;
		};
		8D7213EF1B6C710300274140 /* Frameworks */ = {
			isa = PBXFrameworksBuildPhase;
			buildActionMask = 2147483647;
			files = (
			);
			runOnlyForDeploymentPostprocessing = 0;
		};
/* End PBXFrameworksBuildPhase section */

/* Begin PBXGroup section */
		8D7213D01B6C710300274140 = {
			isa = PBXGroup;
			children = (
				8D7213DB1B6C710300274140 /* PKPokedex */,
				8D7213F51B6C710300274140 /* PKPokedexTests */,
				8D7213DA1B6C710300274140 /* Products */,
			);
			sourceTree = "<group>";
		};
		8D7213DA1B6C710300274140 /* Products */ = {
			isa = PBXGroup;
			children = (
				8D7213D91B6C710300274140 /* PKPokedex.app */,
				8D7213F21B6C710300274140 /* PKPokedexTests.xctest */,
			);
			name = Products;
			sourceTree = "<group>";
		};
		8D7213DB1B6C710300274140 /* PKPokedex */ = {
			isa = PBXGroup;
			children = (
				8D7213E01B6C710300274140 /* AppDelegate.h */,
				8D7213E11B6C710300274140 /* AppDelegate.m */,
				8D7213E31B6C710300274140 /* ViewController.h */,
				8D7213E41B6C710300274140 /* ViewController.m */,
				8D7213E61B6C710300274140 /* Main.storyboard */,
				8D7213E91B6C710300274140 /* Images.xcassets */,
				8D7213EB1B6C710300274140 /* LaunchScreen.xib */,
				8D7213DC1B6C710300274140 /* Supporting Files */,
			);
			path = PKPokedex;
			sourceTree = "<group>";
		};
		8D7213DC1B6C710300274140 /* Supporting Files */ = {
			isa = PBXGroup;
			children = (
				8D7213DD1B6C710300274140 /* Info.plist */,
				8D7213DE1B6C710300274140 /* main.m */,
			);
			name = "Supporting Files";
			sourceTree = "<group>";
		};
		8D7213F51B6C710300274140 /* PKPokedexTests */ = {
			isa = PBXGroup;
			children = (
				8D7213F81B6C710300274140 /* PKPokedexTests.m */,
				8D7213F61B6C710300274140 /* Supporting Files */,
			);
			path = PKPokedexTests;
			sourceTree = "<group>";
		};
		8D7213F61B6C710300274140 /* Supporting Files */ = {
			isa = PBXGroup;
			children = (
				8D7213F71B6C710300274140 /* Info.plist */,
			);
			name = "Supporting Files";
			sourceTree = "<group>";
		};
/* End PBXGroup section */

/* Begin PBXNativeTarget section */
		8D7213D81B6C710300274140 /* PKPokedex */ = {
			isa = PBXNativeTarget;
			buildConfigurationList = 8D7213FC1B6C710300274140 /* Build configuration list for PBXNativeTarget "PKPokedex" */;
			buildPhases = (
				8D7213D51B6C710300274140 /* Sources */,
				8D7213D61B6C710300274140 /* Frameworks */,
				8D7213D71B6C710300274140 /* Resources */,
			);
			buildRules = (
			);
			dependencies = (
			);
			name = PKPokedex;
			productName = PKPokedex;
			productReference = 8D7213D91B6C710300274140 /* PKPokedex.app */;
			productType = "com.apple.product-type.application";
		};
		8D7213F11B6C710300274140 /* PKPokedexTests */ = {
			isa = PBXNativeTarget;
			buildConfigurationList = 8D7213FF1B6C710300274140 /* Build configuration list for PBXNativeTarget "PKPokedexTests" */;
			buildPhases = (
				8D7213EE1B6C710300274140 /* Sources */,
				8D7213EF1B6C710300274140 /* Frameworks */,
				8D7213F01B6C710300274140 /* Resources */,
			);
			buildRules = (
			);
			dependencies = (
				8D7213F41B6C710300274140 /* PBXTargetDependency */,
			);
			name = PKPokedexTests;
			productName = PKPokedexTests;
			productReference = 8D7213F21B6C710300274140 /* PKPokedexTests.xctest */;
			productType = "com.apple.product-type.bundle.unit-test";
		};
/* End PBXNativeTarget section */

/* Begin PBXProject section */
		8D7213D11B6C710300274140 /* Project object */ = {
			isa = PBXProject;
			attributes = {
				LastUpgradeCheck = 0640;
				ORGANIZATIONNAME = "Mike Kavouras";
				TargetAttributes = {
					8D7213D81B6C710300274140 = {
						CreatedOnToolsVersion = 6.4;
					};
					8D7213F11B6C710300274140 = {
						CreatedOnToolsVersion = 6.4;
						TestTargetID = 8D7213D81B6C710300274140;
					};
				};
			};
			buildConfigurationList = 8D7213D41B6C710300274140 /* Build configuration list for PBXProject "PKPokedex" */;
			compatibilityVersion = "Xcode 3.2";
			developmentRegion = English;
			hasScannedForEncodings = 0;
			knownRegions = (
				en,
				Base,
			);
			mainGroup = 8D7213D01B6C710300274140;
			productRefGroup = 8D7213DA1B6C710300274140 /* Products */;
			projectDirPath = "";
			projectRoot = "";
			targets = (
				8D7213D81B6C710300274140 /* PKPokedex */,
				8D7213F11B6C710300274140 /* PKPokedexTests */,
			);
		};
/* End PBXProject section */

/* Begin PBXResourcesBuildPhase section */
		8D7213D71B6C710300274140 /* Resources */ = {
			isa = PBXResourcesBuildPhase;
			buildActionMask = 2147483647;
			files = (
				8D7213E81B6C710300274140 /* Main.storyboard in Resources */,
				8D7213ED1B6C710300274140 /* LaunchScreen.xib in Resources */,
				8D7213EA1B6C710300274140 /* Images.xcassets in Resources */,
			);
			runOnlyForDeploymentPostprocessing = 0;
		};
		8D7213F01B6C710300274140 /* Resources */ = {
			isa = PBXResourcesBuildPhase;
			buildActionMask = 2147483647;
			files = (
			);
			runOnlyForDeploymentPostprocessing = 0;
		};
/* End PBXResourcesBuildPhase section */

/* Begin PBXSourcesBuildPhase section */
		8D7213D51B6C710300274140 /* Sources */ = {
			isa = PBXSourcesBuildPhase;
			buildActionMask = 2147483647;
			files = (
				8D7213E51B6C710300274140 /* ViewController.m in Sources */,
				8D7213E21B6C710300274140 /* AppDelegate.m in Sources */,
				8D7213DF1B6C710300274140 /* main.m in Sources */,
			);
			runOnlyForDeploymentPostprocessing = 0;
		};
		8D7213EE1B6C710300274140 /* Sources */ = {
			isa = PBXSourcesBuildPhase;
			buildActionMask = 2147483647;
			files = (
				8D7213F91B6C710300274140 /* PKPokedexTests.m in Sources */,
			);
			runOnlyForDeploymentPostprocessing = 0;
		};
/* End PBXSourcesBuildPhase section */

/* Begin PBXTargetDependency section */
		8D7213F41B6C710300274140 /* PBXTargetDependency */ = {
			isa = PBXTargetDependency;
			target = 8D7213D81B6C710300274140 /* PKPokedex */;
			targetProxy = 8D7213F31B6C710300274140 /* PBXContainerItemProxy */;
		};
/* End PBXTargetDependency section */

/* Begin PBXVariantGroup section */
		8D7213E61B6C710300274140 /* Main.storyboard */ = {
			isa = PBXVariantGroup;
			children = (
				8D7213E71B6C710300274140 /* Base */,
			);
			name = Main.storyboard;
			sourceTree = "<group>";
		};
		8D7213EB1B6C710300274140 /* LaunchScreen.xib */ = {
			isa = PBXVariantGroup;
			children = (
				8D7213EC1B6C710300274140 /* Base */,
			);
			name = LaunchScreen.xib;
			sourceTree = "<group>";
		};
/* End PBXVariantGroup section */

/* Begin XCBuildConfiguration section */
		8D7213FA1B6C710300274140 /* Debug */ = {
			isa = XCBuildConfiguration;
			buildSettings = {
				ALWAYS_SEARCH_USER_PATHS = NO;
				CLANG_CXX_LANGUAGE_STANDARD = "gnu++0x";
				CLANG_CXX_LIBRARY = "libc++";
				CLANG_ENABLE_MODULES = YES;
				CLANG_ENABLE_OBJC_ARC = YES;
				CLANG_WARN_BOOL_CONVERSION = YES;
				CLANG_WARN_CONSTANT_CONVERSION = YES;
				CLANG_WARN_DIRECT_OBJC_ISA_USAGE = YES_ERROR;
				CLANG_WARN_EMPTY_BODY = YES;
				CLANG_WARN_ENUM_CONVERSION = YES;
				CLANG_WARN_INT_CONVERSION = YES;
				CLANG_WARN_OBJC_ROOT_CLASS = YES_ERROR;
				CLANG_WARN_UNREACHABLE_CODE = YES;
				CLANG_WARN__DUPLICATE_METHOD_MATCH = YES;
				"CODE_SIGN_IDENTITY[sdk=iphoneos*]" = "iPhone Developer";
				COPY_PHASE_STRIP = NO;
				DEBUG_INFORMATION_FORMAT = "dwarf-with-dsym";
				ENABLE_STRICT_OBJC_MSGSEND = YES;
				GCC_C_LANGUAGE_STANDARD = gnu99;
				GCC_DYNAMIC_NO_PIC = NO;
				GCC_NO_COMMON_BLOCKS = YES;
				GCC_OPTIMIZATION_LEVEL = 0;
				GCC_PREPROCESSOR_DEFINITIONS = (
					"DEBUG=1",
					"$(inherited)",
				);
				GCC_SYMBOLS_PRIVATE_EXTERN = NO;
				GCC_WARN_64_TO_32_BIT_CONVERSION = YES;
				GCC_WARN_ABOUT_RETURN_TYPE = YES_ERROR;
				GCC_WARN_UNDECLARED_SELECTOR = YES;
				GCC_WARN_UNINITIALIZED_AUTOS = YES_AGGRESSIVE;
				GCC_WARN_UNUSED_FUNCTION = YES;
				GCC_WARN_UNUSED_VARIABLE = YES;
				IPHONEOS_DEPLOYMENT_TARGET = 8.4;
				MTL_ENABLE_DEBUG_INFO = YES;
				ONLY_ACTIVE_ARCH = YES;
				SDKROOT = iphoneos;
			};
			name = Debug;
		};
		8D7213FB1B6C710300274140 /* Release */ = {
			isa = XCBuildConfiguration;
			buildSettings = {
				ALWAYS_SEARCH_USER_PATHS = NO;
				CLANG_CXX_LANGUAGE_STANDARD = "gnu++0x";
				CLANG_CXX_LIBRARY = "libc++";
				CLANG_ENABLE_MODULES = YES;
				CLANG_ENABLE_OBJC_ARC = YES;
				CLANG_WARN_BOOL_CONVERSION = YES;
				CLANG_WARN_CONSTANT_CONVERSION = YES;
				CLANG_WARN_DIRECT_OBJC_ISA_USAGE = YES_ERROR;
				CLANG_WARN_EMPTY_BODY = YES;
				CLANG_WARN_ENUM_CONVERSION = YES;
				CLANG_WARN_INT_CONVERSION = YES;
				CLANG_WARN_OBJC_ROOT_CLASS = YES_ERROR;
				CLANG_WARN_UNREACHABLE_CODE = YES;
				CLANG_WARN__DUPLICATE_METHOD_MATCH = YES;
				"CODE_SIGN_IDENTITY[sdk=iphoneos*]" = "iPhone Developer";
				COPY_PHASE_STRIP = NO;
				DEBUG_INFORMATION_FORMAT = "dwarf-with-dsym";
				ENABLE_NS_ASSERTIONS = NO;
				ENABLE_STRICT_OBJC_MSGSEND = YES;
				GCC_C_LANGUAGE_STANDARD = gnu99;
				GCC_NO_COMMON_BLOCKS = YES;
				GCC_WARN_64_TO_32_BIT_CONVERSION = YES;
				GCC_WARN_ABOUT_RETURN_TYPE = YES_ERROR;
				GCC_WARN_UNDECLARED_SELECTOR = YES;
				GCC_WARN_UNINITIALIZED_AUTOS = YES_AGGRESSIVE;
				GCC_WARN_UNUSED_FUNCTION = YES;
				GCC_WARN_UNUSED_VARIABLE = YES;
				IPHONEOS_DEPLOYMENT_TARGET = 8.4;
				MTL_ENABLE_DEBUG_INFO = NO;
				SDKROOT = iphoneos;
				VALIDATE_PRODUCT = YES;
			};
			name = Release;
		};
		8D7213FD1B6C710300274140 /* Debug */ = {
			isa = XCBuildConfiguration;
			buildSettings = {
				ASSETCATALOG_COMPILER_APPICON_NAME = AppIcon;
				INFOPLIST_FILE = PKPokedex/Info.plist;
				LD_RUNPATH_SEARCH_PATHS = "$(inherited) @executable_path/Frameworks";
				PRODUCT_NAME = "$(TARGET_NAME)";
			};
			name = Debug;
		};
		8D7213FE1B6C710300274140 /* Release */ = {
			isa = XCBuildConfiguration;
			buildSettings = {
				ASSETCATALOG_COMPILER_APPICON_NAME = AppIcon;
				INFOPLIST_FILE = PKPokedex/Info.plist;
				LD_RUNPATH_SEARCH_PATHS = "$(inherited) @executable_path/Frameworks";
				PRODUCT_NAME = "$(TARGET_NAME)";
			};
			name = Release;
		};
		8D7214001B6C710300274140 /* Debug */ = {
			isa = XCBuildConfiguration;
			buildSettings = {
				BUNDLE_LOADER = "$(TEST_HOST)";
				FRAMEWORK_SEARCH_PATHS = (
					"$(SDKROOT)/Developer/Library/Frameworks",
					"$(inherited)",
				);
				GCC_PREPROCESSOR_DEFINITIONS = (
					"DEBUG=1",
					"$(inherited)",
				);
				INFOPLIST_FILE = PKPokedexTests/Info.plist;
				LD_RUNPATH_SEARCH_PATHS = "$(inherited) @executable_path/Frameworks @loader_path/Frameworks";
				PRODUCT_NAME = "$(TARGET_NAME)";
				TEST_HOST = "$(BUILT_PRODUCTS_DIR)/PKPokedex.app/PKPokedex";
			};
			name = Debug;
		};
		8D7214011B6C710300274140 /* Release */ = {
			isa = XCBuildConfiguration;
			buildSettings = {
				BUNDLE_LOADER = "$(TEST_HOST)";
				FRAMEWORK_SEARCH_PATHS = (
					"$(SDKROOT)/Developer/Library/Frameworks",
					"$(inherited)",
				);
				INFOPLIST_FILE = PKPokedexTests/Info.plist;
				LD_RUNPATH_SEARCH_PATHS = "$(inherited) @executable_path/Frameworks @loader_path/Frameworks";
				PRODUCT_NAME = "$(TARGET_NAME)";
				TEST_HOST = "$(BUILT_PRODUCTS_DIR)/PKPokedex.app/PKPokedex";
			};
			name = Release;
		};
/* End XCBuildConfiguration section */

/* Begin XCConfigurationList section */
		8D7213D41B6C710300274140 /* Build configuration list for PBXProject "PKPokedex" */ = {
			isa = XCConfigurationList;
			buildConfigurations = (
				8D7213FA1B6C710300274140 /* Debug */,
				8D7213FB1B6C710300274140 /* Release */,
			);
			defaultConfigurationIsVisible = 0;
			defaultConfigurationName = Release;
		};
		8D7213FC1B6C710300274140 /* Build configuration list for PBXNativeTarget "PKPokedex" */ = {
			isa = XCConfigurationList;
			buildConfigurations = (
				8D7213FD1B6C710300274140 /* Debug */,
				8D7213FE1B6C710300274140 /* Release */,
			);
			defaultConfigurationIsVisible = 0;
		};
		8D7213FF1B6C710300274140 /* Build configuration list for PBXNativeTarget "PKPokedexTests" */ = {
			isa = XCConfigurationList;
			buildConfigurations = (
				8D7214001B6C710300274140 /* Debug */,
				8D7214011B6C710300274140 /* Release */,
			);
			defaultConfigurationIsVisible = 0;
		};
/* End XCConfigurationList section */
	};
	rootObject = 8D7213D11B6C710300274140 /* Project object */;
}
