// !$*UTF8*$!
{
	archiveVersion = 1;
	classes = {
	};
	objectVersion = 46;
	objects = {

/* Begin PBXBuildFile section */
		8D4107921B65702300429535 /* main.m in Sources */ = {isa = PBXBuildFile; fileRef = 8D4107911B65702300429535 /* main.m */; };
		8D4107951B65702300429535 /* AppDelegate.m in Sources */ = {isa = PBXBuildFile; fileRef = 8D4107941B65702300429535 /* AppDelegate.m */; };
		8D41079B1B65702300429535 /* Main.storyboard in Resources */ = {isa = PBXBuildFile; fileRef = 8D4107991B65702300429535 /* Main.storyboard */; };
		8D41079D1B65702300429535 /* Images.xcassets in Resources */ = {isa = PBXBuildFile; fileRef = 8D41079C1B65702300429535 /* Images.xcassets */; };
		8D4107A01B65702300429535 /* LaunchScreen.xib in Resources */ = {isa = PBXBuildFile; fileRef = 8D41079E1B65702300429535 /* LaunchScreen.xib */; };
		8D4107AC1B65702300429535 /* TableExerciseTests.m in Sources */ = {isa = PBXBuildFile; fileRef = 8D4107AB1B65702300429535 /* TableExerciseTests.m */; };
		8D4107B71B6570CA00429535 /* ACExerciseTableViewController.m in Sources */ = {isa = PBXBuildFile; fileRef = 8D4107B61B6570CA00429535 /* ACExerciseTableViewController.m */; };
/* End PBXBuildFile section */

/* Begin PBXContainerItemProxy section */
		8D4107A61B65702300429535 /* PBXContainerItemProxy */ = {
			isa = PBXContainerItemProxy;
			containerPortal = 8D4107841B65702300429535 /* Project object */;
			proxyType = 1;
			remoteGlobalIDString = 8D41078B1B65702300429535;
			remoteInfo = TableExercise;
		};
/* End PBXContainerItemProxy section */

/* Begin PBXFileReference section */
		8D41078C1B65702300429535 /* TableExercise.app */ = {isa = PBXFileReference; explicitFileType = wrapper.application; includeInIndex = 0; path = TableExercise.app; sourceTree = BUILT_PRODUCTS_DIR; };
		8D4107901B65702300429535 /* Info.plist */ = {isa = PBXFileReference; lastKnownFileType = text.plist.xml; path = Info.plist; sourceTree = "<group>"; };
		8D4107911B65702300429535 /* main.m */ = {isa = PBXFileReference; lastKnownFileType = sourcecode.c.objc; path = main.m; sourceTree = "<group>"; };
		8D4107931B65702300429535 /* AppDelegate.h */ = {isa = PBXFileReference; lastKnownFileType = sourcecode.c.h; path = AppDelegate.h; sourceTree = "<group>"; };
		8D4107941B65702300429535 /* AppDelegate.m */ = {isa = PBXFileReference; lastKnownFileType = sourcecode.c.objc; path = AppDelegate.m; sourceTree = "<group>"; };
		8D41079A1B65702300429535 /* Base */ = {isa = PBXFileReference; lastKnownFileType = file.storyboard; name = Base; path = Base.lproj/Main.storyboard; sourceTree = "<group>"; };
		8D41079C1B65702300429535 /* Images.xcassets */ = {isa = PBXFileReference; lastKnownFileType = folder.assetcatalog; path = Images.xcassets; sourceTree = "<group>"; };
		8D41079F1B65702300429535 /* Base */ = {isa = PBXFileReference; lastKnownFileType = file.xib; name = Base; path = Base.lproj/LaunchScreen.xib; sourceTree = "<group>"; };
		8D4107A51B65702300429535 /* TableExerciseTests.xctest */ = {isa = PBXFileReference; explicitFileType = wrapper.cfbundle; includeInIndex = 0; path = TableExerciseTests.xctest; sourceTree = BUILT_PRODUCTS_DIR; };
		8D4107AA1B65702300429535 /* Info.plist */ = {isa = PBXFileReference; lastKnownFileType = text.plist.xml; path = Info.plist; sourceTree = "<group>"; };
		8D4107AB1B65702300429535 /* TableExerciseTests.m */ = {isa = PBXFileReference; lastKnownFileType = sourcecode.c.objc; path = TableExerciseTests.m; sourceTree = "<group>"; };
		8D4107B51B6570CA00429535 /* ACExerciseTableViewController.h */ = {isa = PBXFileReference; fileEncoding = 4; lastKnownFileType = sourcecode.c.h; path = ACExerciseTableViewController.h; sourceTree = "<group>"; };
		8D4107B61B6570CA00429535 /* ACExerciseTableViewController.m */ = {isa = PBXFileReference; fileEncoding = 4; lastKnownFileType = sourcecode.c.objc; path = ACExerciseTableViewController.m; sourceTree = "<group>"; };
/* End PBXFileReference section */

/* Begin PBXFrameworksBuildPhase section */
		8D4107891B65702300429535 /* Frameworks */ = {
			isa = PBXFrameworksBuildPhase;
			buildActionMask = 2147483647;
			files = (
			);
			runOnlyForDeploymentPostprocessing = 0;
		};
		8D4107A21B65702300429535 /* Frameworks */ = {
			isa = PBXFrameworksBuildPhase;
			buildActionMask = 2147483647;
			files = (
			);
			runOnlyForDeploymentPostprocessing = 0;
		};
/* End PBXFrameworksBuildPhase section */

/* Begin PBXGroup section */
		8D4107831B65702300429535 = {
			isa = PBXGroup;
			children = (
				8D41078E1B65702300429535 /* TableExercise */,
				8D4107A81B65702300429535 /* TableExerciseTests */,
				8D41078D1B65702300429535 /* Products */,
			);
			sourceTree = "<group>";
		};
		8D41078D1B65702300429535 /* Products */ = {
			isa = PBXGroup;
			children = (
				8D41078C1B65702300429535 /* TableExercise.app */,
				8D4107A51B65702300429535 /* TableExerciseTests.xctest */,
			);
			name = Products;
			sourceTree = "<group>";
		};
		8D41078E1B65702300429535 /* TableExercise */ = {
			isa = PBXGroup;
			children = (
				8D4107931B65702300429535 /* AppDelegate.h */,
				8D4107941B65702300429535 /* AppDelegate.m */,
				8D4107B51B6570CA00429535 /* ACExerciseTableViewController.h */,
				8D4107B61B6570CA00429535 /* ACExerciseTableViewController.m */,
				8D4107991B65702300429535 /* Main.storyboard */,
				8D41079C1B65702300429535 /* Images.xcassets */,
				8D41079E1B65702300429535 /* LaunchScreen.xib */,
				8D41078F1B65702300429535 /* Supporting Files */,
			);
			path = TableExercise;
			sourceTree = "<group>";
		};
		8D41078F1B65702300429535 /* Supporting Files */ = {
			isa = PBXGroup;
			children = (
				8D4107901B65702300429535 /* Info.plist */,
				8D4107911B65702300429535 /* main.m */,
			);
			name = "Supporting Files";
			sourceTree = "<group>";
		};
		8D4107A81B65702300429535 /* TableExerciseTests */ = {
			isa = PBXGroup;
			children = (
				8D4107AB1B65702300429535 /* TableExerciseTests.m */,
				8D4107A91B65702300429535 /* Supporting Files */,
			);
			path = TableExerciseTests;
			sourceTree = "<group>";
		};
		8D4107A91B65702300429535 /* Supporting Files */ = {
			isa = PBXGroup;
			children = (
				8D4107AA1B65702300429535 /* Info.plist */,
			);
			name = "Supporting Files";
			sourceTree = "<group>";
		};
/* End PBXGroup section */

/* Begin PBXNativeTarget section */
		8D41078B1B65702300429535 /* TableExercise */ = {
			isa = PBXNativeTarget;
			buildConfigurationList = 8D4107AF1B65702300429535 /* Build configuration list for PBXNativeTarget "TableExercise" */;
			buildPhases = (
				8D4107881B65702300429535 /* Sources */,
				8D4107891B65702300429535 /* Frameworks */,
				8D41078A1B65702300429535 /* Resources */,
			);
			buildRules = (
			);
			dependencies = (
			);
			name = TableExercise;
			productName = TableExercise;
			productReference = 8D41078C1B65702300429535 /* TableExercise.app */;
			productType = "com.apple.product-type.application";
		};
		8D4107A41B65702300429535 /* TableExerciseTests */ = {
			isa = PBXNativeTarget;
			buildConfigurationList = 8D4107B21B65702300429535 /* Build configuration list for PBXNativeTarget "TableExerciseTests" */;
			buildPhases = (
				8D4107A11B65702300429535 /* Sources */,
				8D4107A21B65702300429535 /* Frameworks */,
				8D4107A31B65702300429535 /* Resources */,
			);
			buildRules = (
			);
			dependencies = (
				8D4107A71B65702300429535 /* PBXTargetDependency */,
			);
			name = TableExerciseTests;
			productName = TableExerciseTests;
			productReference = 8D4107A51B65702300429535 /* TableExerciseTests.xctest */;
			productType = "com.apple.product-type.bundle.unit-test";
		};
/* End PBXNativeTarget section */

/* Begin PBXProject section */
		8D4107841B65702300429535 /* Project object */ = {
			isa = PBXProject;
			attributes = {
				LastUpgradeCheck = 0640;
				ORGANIZATIONNAME = "Mike Kavouras";
				TargetAttributes = {
					8D41078B1B65702300429535 = {
						CreatedOnToolsVersion = 6.4;
					};
					8D4107A41B65702300429535 = {
						CreatedOnToolsVersion = 6.4;
						TestTargetID = 8D41078B1B65702300429535;
					};
				};
			};
			buildConfigurationList = 8D4107871B65702300429535 /* Build configuration list for PBXProject "TableExercise" */;
			compatibilityVersion = "Xcode 3.2";
			developmentRegion = English;
			hasScannedForEncodings = 0;
			knownRegions = (
				en,
				Base,
			);
			mainGroup = 8D4107831B65702300429535;
			productRefGroup = 8D41078D1B65702300429535 /* Products */;
			projectDirPath = "";
			projectRoot = "";
			targets = (
				8D41078B1B65702300429535 /* TableExercise */,
				8D4107A41B65702300429535 /* TableExerciseTests */,
			);
		};
/* End PBXProject section */

/* Begin PBXResourcesBuildPhase section */
		8D41078A1B65702300429535 /* Resources */ = {
			isa = PBXResourcesBuildPhase;
			buildActionMask = 2147483647;
			files = (
				8D41079B1B65702300429535 /* Main.storyboard in Resources */,
				8D4107A01B65702300429535 /* LaunchScreen.xib in Resources */,
				8D41079D1B65702300429535 /* Images.xcassets in Resources */,
			);
			runOnlyForDeploymentPostprocessing = 0;
		};
		8D4107A31B65702300429535 /* Resources */ = {
			isa = PBXResourcesBuildPhase;
			buildActionMask = 2147483647;
			files = (
			);
			runOnlyForDeploymentPostprocessing = 0;
		};
/* End PBXResourcesBuildPhase section */

/* Begin PBXSourcesBuildPhase section */
		8D4107881B65702300429535 /* Sources */ = {
			isa = PBXSourcesBuildPhase;
			buildActionMask = 2147483647;
			files = (
				8D4107B71B6570CA00429535 /* ACExerciseTableViewController.m in Sources */,
				8D4107951B65702300429535 /* AppDelegate.m in Sources */,
				8D4107921B65702300429535 /* main.m in Sources */,
			);
			runOnlyForDeploymentPostprocessing = 0;
		};
		8D4107A11B65702300429535 /* Sources */ = {
			isa = PBXSourcesBuildPhase;
			buildActionMask = 2147483647;
			files = (
				8D4107AC1B65702300429535 /* TableExerciseTests.m in Sources */,
			);
			runOnlyForDeploymentPostprocessing = 0;
		};
/* End PBXSourcesBuildPhase section */

/* Begin PBXTargetDependency section */
		8D4107A71B65702300429535 /* PBXTargetDependency */ = {
			isa = PBXTargetDependency;
			target = 8D41078B1B65702300429535 /* TableExercise */;
			targetProxy = 8D4107A61B65702300429535 /* PBXContainerItemProxy */;
		};
/* End PBXTargetDependency section */

/* Begin PBXVariantGroup section */
		8D4107991B65702300429535 /* Main.storyboard */ = {
			isa = PBXVariantGroup;
			children = (
				8D41079A1B65702300429535 /* Base */,
			);
			name = Main.storyboard;
			sourceTree = "<group>";
		};
		8D41079E1B65702300429535 /* LaunchScreen.xib */ = {
			isa = PBXVariantGroup;
			children = (
				8D41079F1B65702300429535 /* Base */,
			);
			name = LaunchScreen.xib;
			sourceTree = "<group>";
		};
/* End PBXVariantGroup section */

/* Begin XCBuildConfiguration section */
		8D4107AD1B65702300429535 /* Debug */ = {
			isa = XCBuildConfiguration;
			buildSettings = {
				ALWAYS_SEARCH_USER_PATHS = NO;
				CLANG_CXX_LANGUAGE_STANDARD = "gnu++0x";
				CLANG_CXX_LIBRARY = "libc++";
				CLANG_ENABLE_MODULES = YES;
				CLANG_ENABLE_OBJC_ARC = YES;
				CLANG_WARN_BOOL_CONVERSION = YES;
				CLANG_WARN_CONSTANT_CONVERSION = YES;
				CLANG_WARN_DIRECT_OBJC_ISA_USAGE = YES_ERROR;
				CLANG_WARN_EMPTY_BODY = YES;
				CLANG_WARN_ENUM_CONVERSION = YES;
				CLANG_WARN_INT_CONVERSION = YES;
				CLANG_WARN_OBJC_ROOT_CLASS = YES_ERROR;
				CLANG_WARN_UNREACHABLE_CODE = YES;
				CLANG_WARN__DUPLICATE_METHOD_MATCH = YES;
				"CODE_SIGN_IDENTITY[sdk=iphoneos*]" = "iPhone Developer";
				COPY_PHASE_STRIP = NO;
				DEBUG_INFORMATION_FORMAT = "dwarf-with-dsym";
				ENABLE_STRICT_OBJC_MSGSEND = YES;
				GCC_C_LANGUAGE_STANDARD = gnu99;
				GCC_DYNAMIC_NO_PIC = NO;
				GCC_NO_COMMON_BLOCKS = YES;
				GCC_OPTIMIZATION_LEVEL = 0;
				GCC_PREPROCESSOR_DEFINITIONS = (
					"DEBUG=1",
					"$(inherited)",
				);
				GCC_SYMBOLS_PRIVATE_EXTERN = NO;
				GCC_WARN_64_TO_32_BIT_CONVERSION = YES;
				GCC_WARN_ABOUT_RETURN_TYPE = YES_ERROR;
				GCC_WARN_UNDECLARED_SELECTOR = YES;
				GCC_WARN_UNINITIALIZED_AUTOS = YES_AGGRESSIVE;
				GCC_WARN_UNUSED_FUNCTION = YES;
				GCC_WARN_UNUSED_VARIABLE = YES;
				IPHONEOS_DEPLOYMENT_TARGET = 8.4;
				MTL_ENABLE_DEBUG_INFO = YES;
				ONLY_ACTIVE_ARCH = YES;
				SDKROOT = iphoneos;
			};
			name = Debug;
		};
		8D4107AE1B65702300429535 /* Release */ = {
			isa = XCBuildConfiguration;
			buildSettings = {
				ALWAYS_SEARCH_USER_PATHS = NO;
				CLANG_CXX_LANGUAGE_STANDARD = "gnu++0x";
				CLANG_CXX_LIBRARY = "libc++";
				CLANG_ENABLE_MODULES = YES;
				CLANG_ENABLE_OBJC_ARC = YES;
				CLANG_WARN_BOOL_CONVERSION = YES;
				CLANG_WARN_CONSTANT_CONVERSION = YES;
				CLANG_WARN_DIRECT_OBJC_ISA_USAGE = YES_ERROR;
				CLANG_WARN_EMPTY_BODY = YES;
				CLANG_WARN_ENUM_CONVERSION = YES;
				CLANG_WARN_INT_CONVERSION = YES;
				CLANG_WARN_OBJC_ROOT_CLASS = YES_ERROR;
				CLANG_WARN_UNREACHABLE_CODE = YES;
				CLANG_WARN__DUPLICATE_METHOD_MATCH = YES;
				"CODE_SIGN_IDENTITY[sdk=iphoneos*]" = "iPhone Developer";
				COPY_PHASE_STRIP = NO;
				DEBUG_INFORMATION_FORMAT = "dwarf-with-dsym";
				ENABLE_NS_ASSERTIONS = NO;
				ENABLE_STRICT_OBJC_MSGSEND = YES;
				GCC_C_LANGUAGE_STANDARD = gnu99;
				GCC_NO_COMMON_BLOCKS = YES;
				GCC_WARN_64_TO_32_BIT_CONVERSION = YES;
				GCC_WARN_ABOUT_RETURN_TYPE = YES_ERROR;
				GCC_WARN_UNDECLARED_SELECTOR = YES;
				GCC_WARN_UNINITIALIZED_AUTOS = YES_AGGRESSIVE;
				GCC_WARN_UNUSED_FUNCTION = YES;
				GCC_WARN_UNUSED_VARIABLE = YES;
				IPHONEOS_DEPLOYMENT_TARGET = 8.4;
				MTL_ENABLE_DEBUG_INFO = NO;
				SDKROOT = iphoneos;
				VALIDATE_PRODUCT = YES;
			};
			name = Release;
		};
		8D4107B01B65702300429535 /* Debug */ = {
			isa = XCBuildConfiguration;
			buildSettings = {
				ASSETCATALOG_COMPILER_APPICON_NAME = AppIcon;
				INFOPLIST_FILE = TableExercise/Info.plist;
				LD_RUNPATH_SEARCH_PATHS = "$(inherited) @executable_path/Frameworks";
				PRODUCT_NAME = "$(TARGET_NAME)";
			};
			name = Debug;
		};
		8D4107B11B65702300429535 /* Release */ = {
			isa = XCBuildConfiguration;
			buildSettings = {
				ASSETCATALOG_COMPILER_APPICON_NAME = AppIcon;
				INFOPLIST_FILE = TableExercise/Info.plist;
				LD_RUNPATH_SEARCH_PATHS = "$(inherited) @executable_path/Frameworks";
				PRODUCT_NAME = "$(TARGET_NAME)";
			};
			name = Release;
		};
		8D4107B31B65702300429535 /* Debug */ = {
			isa = XCBuildConfiguration;
			buildSettings = {
				BUNDLE_LOADER = "$(TEST_HOST)";
				FRAMEWORK_SEARCH_PATHS = (
					"$(SDKROOT)/Developer/Library/Frameworks",
					"$(inherited)",
				);
				GCC_PREPROCESSOR_DEFINITIONS = (
					"DEBUG=1",
					"$(inherited)",
				);
				INFOPLIST_FILE = TableExerciseTests/Info.plist;
				LD_RUNPATH_SEARCH_PATHS = "$(inherited) @executable_path/Frameworks @loader_path/Frameworks";
				PRODUCT_NAME = "$(TARGET_NAME)";
				TEST_HOST = "$(BUILT_PRODUCTS_DIR)/TableExercise.app/TableExercise";
			};
			name = Debug;
		};
		8D4107B41B65702300429535 /* Release */ = {
			isa = XCBuildConfiguration;
			buildSettings = {
				BUNDLE_LOADER = "$(TEST_HOST)";
				FRAMEWORK_SEARCH_PATHS = (
					"$(SDKROOT)/Developer/Library/Frameworks",
					"$(inherited)",
				);
				INFOPLIST_FILE = TableExerciseTests/Info.plist;
				LD_RUNPATH_SEARCH_PATHS = "$(inherited) @executable_path/Frameworks @loader_path/Frameworks";
				PRODUCT_NAME = "$(TARGET_NAME)";
				TEST_HOST = "$(BUILT_PRODUCTS_DIR)/TableExercise.app/TableExercise";
			};
			name = Release;
		};
/* End XCBuildConfiguration section */

/* Begin XCConfigurationList section */
		8D4107871B65702300429535 /* Build configuration list for PBXProject "TableExercise" */ = {
			isa = XCConfigurationList;
			buildConfigurations = (
				8D4107AD1B65702300429535 /* Debug */,
				8D4107AE1B65702300429535 /* Release */,
			);
			defaultConfigurationIsVisible = 0;
			defaultConfigurationName = Release;
		};
		8D4107AF1B65702300429535 /* Build configuration list for PBXNativeTarget "TableExercise" */ = {
			isa = XCConfigurationList;
			buildConfigurations = (
				8D4107B01B65702300429535 /* Debug */,
				8D4107B11B65702300429535 /* Release */,
			);
			defaultConfigurationIsVisible = 0;
		};
		8D4107B21B65702300429535 /* Build configuration list for PBXNativeTarget "TableExerciseTests" */ = {
			isa = XCConfigurationList;
			buildConfigurations = (
				8D4107B31B65702300429535 /* Debug */,
				8D4107B41B65702300429535 /* Release */,
			);
			defaultConfigurationIsVisible = 0;
		};
/* End XCConfigurationList section */
	};
	rootObject = 8D4107841B65702300429535 /* Project object */;
}
