// !$*UTF8*$!
{
	archiveVersion = 1;
	classes = {
	};
	objectVersion = 46;
	objects = {

/* Begin PBXBuildFile section */
		44C61F8035AD587BBCC97CC2 /* libPods.a in Frameworks */ = {isa = PBXBuildFile; fileRef = A7ED21B6862474ABD26E7383 /* libPods.a */; };
		8D4D43BC1BB8509E00D63EFA /* main.m in Sources */ = {isa = PBXBuildFile; fileRef = 8D4D43BB1BB8509E00D63EFA /* main.m */; };
		8D4D43BF1BB8509E00D63EFA /* AppDelegate.m in Sources */ = {isa = PBXBuildFile; fileRef = 8D4D43BE1BB8509E00D63EFA /* AppDelegate.m */; };
		8D4D43C21BB8509E00D63EFA /* ViewController.m in Sources */ = {isa = PBXBuildFile; fileRef = 8D4D43C11BB8509E00D63EFA /* ViewController.m */; };
		8D4D43C51BB8509E00D63EFA /* Main.storyboard in Resources */ = {isa = PBXBuildFile; fileRef = 8D4D43C31BB8509E00D63EFA /* Main.storyboard */; };
		8D4D43C71BB8509E00D63EFA /* Assets.xcassets in Resources */ = {isa = PBXBuildFile; fileRef = 8D4D43C61BB8509E00D63EFA /* Assets.xcassets */; };
		8D4D43CA1BB8509E00D63EFA /* LaunchScreen.storyboard in Resources */ = {isa = PBXBuildFile; fileRef = 8D4D43C81BB8509E00D63EFA /* LaunchScreen.storyboard */; };
		8D4D43D51BB8509E00D63EFA /* MapItTests.m in Sources */ = {isa = PBXBuildFile; fileRef = 8D4D43D41BB8509E00D63EFA /* MapItTests.m */; };
		8D4D43E01BB8509E00D63EFA /* MapItUITests.m in Sources */ = {isa = PBXBuildFile; fileRef = 8D4D43DF1BB8509E00D63EFA /* MapItUITests.m */; };
		8D4D43EE1BB852FB00D63EFA /* MapKit.framework in Frameworks */ = {isa = PBXBuildFile; fileRef = 8D4D43ED1BB852FB00D63EFA /* MapKit.framework */; };
		8D4D43F11BB86BA600D63EFA /* FoursquareAPIManager.m in Sources */ = {isa = PBXBuildFile; fileRef = 8D4D43F01BB86BA600D63EFA /* FoursquareAPIManager.m */; settings = {ASSET_TAGS = (); }; };
		8D4D43F31BB87D3100D63EFA /* CoreLocation.framework in Frameworks */ = {isa = PBXBuildFile; fileRef = 8D4D43F21BB87D3100D63EFA /* CoreLocation.framework */; };
/* End PBXBuildFile section */

/* Begin PBXContainerItemProxy section */
		8D4D43D11BB8509E00D63EFA /* PBXContainerItemProxy */ = {
			isa = PBXContainerItemProxy;
			containerPortal = 8D4D43AF1BB8509E00D63EFA /* Project object */;
			proxyType = 1;
			remoteGlobalIDString = 8D4D43B61BB8509E00D63EFA;
			remoteInfo = MapIt;
		};
		8D4D43DC1BB8509E00D63EFA /* PBXContainerItemProxy */ = {
			isa = PBXContainerItemProxy;
			containerPortal = 8D4D43AF1BB8509E00D63EFA /* Project object */;
			proxyType = 1;
			remoteGlobalIDString = 8D4D43B61BB8509E00D63EFA;
			remoteInfo = MapIt;
		};
/* End PBXContainerItemProxy section */

/* Begin PBXFileReference section */
		8D4D43B71BB8509E00D63EFA /* MapIt.app */ = {isa = PBXFileReference; explicitFileType = wrapper.application; includeInIndex = 0; path = MapIt.app; sourceTree = BUILT_PRODUCTS_DIR; };
		8D4D43BB1BB8509E00D63EFA /* main.m */ = {isa = PBXFileReference; lastKnownFileType = sourcecode.c.objc; path = main.m; sourceTree = "<group>"; };
		8D4D43BD1BB8509E00D63EFA /* AppDelegate.h */ = {isa = PBXFileReference; lastKnownFileType = sourcecode.c.h; path = AppDelegate.h; sourceTree = "<group>"; };
		8D4D43BE1BB8509E00D63EFA /* AppDelegate.m */ = {isa = PBXFileReference; lastKnownFileType = sourcecode.c.objc; path = AppDelegate.m; sourceTree = "<group>"; };
		8D4D43C01BB8509E00D63EFA /* ViewController.h */ = {isa = PBXFileReference; lastKnownFileType = sourcecode.c.h; path = ViewController.h; sourceTree = "<group>"; };
		8D4D43C11BB8509E00D63EFA /* ViewController.m */ = {isa = PBXFileReference; lastKnownFileType = sourcecode.c.objc; path = ViewController.m; sourceTree = "<group>"; };
		8D4D43C41BB8509E00D63EFA /* Base */ = {isa = PBXFileReference; lastKnownFileType = file.storyboard; name = Base; path = Base.lproj/Main.storyboard; sourceTree = "<group>"; };
		8D4D43C61BB8509E00D63EFA /* Assets.xcassets */ = {isa = PBXFileReference; lastKnownFileType = folder.assetcatalog; path = Assets.xcassets; sourceTree = "<group>"; };
		8D4D43C91BB8509E00D63EFA /* Base */ = {isa = PBXFileReference; lastKnownFileType = file.storyboard; name = Base; path = Base.lproj/LaunchScreen.storyboard; sourceTree = "<group>"; };
		8D4D43CB1BB8509E00D63EFA /* Info.plist */ = {isa = PBXFileReference; lastKnownFileType = text.plist.xml; path = Info.plist; sourceTree = "<group>"; };
		8D4D43D01BB8509E00D63EFA /* MapItTests.xctest */ = {isa = PBXFileReference; explicitFileType = wrapper.cfbundle; includeInIndex = 0; path = MapItTests.xctest; sourceTree = BUILT_PRODUCTS_DIR; };
		8D4D43D41BB8509E00D63EFA /* MapItTests.m */ = {isa = PBXFileReference; lastKnownFileType = sourcecode.c.objc; path = MapItTests.m; sourceTree = "<group>"; };
		8D4D43D61BB8509E00D63EFA /* Info.plist */ = {isa = PBXFileReference; lastKnownFileType = text.plist.xml; path = Info.plist; sourceTree = "<group>"; };
		8D4D43DB1BB8509E00D63EFA /* MapItUITests.xctest */ = {isa = PBXFileReference; explicitFileType = wrapper.cfbundle; includeInIndex = 0; path = MapItUITests.xctest; sourceTree = BUILT_PRODUCTS_DIR; };
		8D4D43DF1BB8509E00D63EFA /* MapItUITests.m */ = {isa = PBXFileReference; lastKnownFileType = sourcecode.c.objc; path = MapItUITests.m; sourceTree = "<group>"; };
		8D4D43E11BB8509E00D63EFA /* Info.plist */ = {isa = PBXFileReference; lastKnownFileType = text.plist.xml; path = Info.plist; sourceTree = "<group>"; };
		8D4D43ED1BB852FB00D63EFA /* MapKit.framework */ = {isa = PBXFileReference; lastKnownFileType = wrapper.framework; name = MapKit.framework; path = System/Library/Frameworks/MapKit.framework; sourceTree = SDKROOT; };
		8D4D43EF1BB86BA600D63EFA /* FoursquareAPIManager.h */ = {isa = PBXFileReference; fileEncoding = 4; lastKnownFileType = sourcecode.c.h; path = FoursquareAPIManager.h; sourceTree = "<group>"; };
		8D4D43F01BB86BA600D63EFA /* FoursquareAPIManager.m */ = {isa = PBXFileReference; fileEncoding = 4; lastKnownFileType = sourcecode.c.objc; path = FoursquareAPIManager.m; sourceTree = "<group>"; };
		8D4D43F21BB87D3100D63EFA /* CoreLocation.framework */ = {isa = PBXFileReference; lastKnownFileType = wrapper.framework; name = CoreLocation.framework; path = System/Library/Frameworks/CoreLocation.framework; sourceTree = SDKROOT; };
		A7ED21B6862474ABD26E7383 /* libPods.a */ = {isa = PBXFileReference; explicitFileType = archive.ar; includeInIndex = 0; path = libPods.a; sourceTree = BUILT_PRODUCTS_DIR; };
		AA06FDFB81483FC59C6877B2 /* Pods.release.xcconfig */ = {isa = PBXFileReference; includeInIndex = 1; lastKnownFileType = text.xcconfig; name = Pods.release.xcconfig; path = "Pods/Target Support Files/Pods/Pods.release.xcconfig"; sourceTree = "<group>"; };
		E68E06748C7B01B9776E010D /* Pods.debug.xcconfig */ = {isa = PBXFileReference; includeInIndex = 1; lastKnownFileType = text.xcconfig; name = Pods.debug.xcconfig; path = "Pods/Target Support Files/Pods/Pods.debug.xcconfig"; sourceTree = "<group>"; };
/* End PBXFileReference section */

/* Begin PBXFrameworksBuildPhase section */
		8D4D43B41BB8509E00D63EFA /* Frameworks */ = {
			isa = PBXFrameworksBuildPhase;
			buildActionMask = 2147483647;
			files = (
				8D4D43F31BB87D3100D63EFA /* CoreLocation.framework in Frameworks */,
				8D4D43EE1BB852FB00D63EFA /* MapKit.framework in Frameworks */,
				44C61F8035AD587BBCC97CC2 /* libPods.a in Frameworks */,
			);
			runOnlyForDeploymentPostprocessing = 0;
		};
		8D4D43CD1BB8509E00D63EFA /* Frameworks */ = {
			isa = PBXFrameworksBuildPhase;
			buildActionMask = 2147483647;
			files = (
			);
			runOnlyForDeploymentPostprocessing = 0;
		};
		8D4D43D81BB8509E00D63EFA /* Frameworks */ = {
			isa = PBXFrameworksBuildPhase;
			buildActionMask = 2147483647;
			files = (
			);
			runOnlyForDeploymentPostprocessing = 0;
		};
/* End PBXFrameworksBuildPhase section */

/* Begin PBXGroup section */
		58570A0166B1C71359434A40 /* Frameworks */ = {
			isa = PBXGroup;
			children = (
				8D4D43ED1BB852FB00D63EFA /* MapKit.framework */,
				8D4D43F21BB87D3100D63EFA /* CoreLocation.framework */,
				A7ED21B6862474ABD26E7383 /* libPods.a */,
			);
			name = Frameworks;
			sourceTree = "<group>";
		};
		8D4D43AE1BB8509E00D63EFA = {
			isa = PBXGroup;
			children = (
				8D4D43B91BB8509E00D63EFA /* MapIt */,
				8D4D43D31BB8509E00D63EFA /* MapItTests */,
				8D4D43DE1BB8509E00D63EFA /* MapItUITests */,
				8D4D43B81BB8509E00D63EFA /* Products */,
				E4C0B4F4BF2D32E915AA00D3 /* Pods */,
				58570A0166B1C71359434A40 /* Frameworks */,
			);
			sourceTree = "<group>";
		};
		8D4D43B81BB8509E00D63EFA /* Products */ = {
			isa = PBXGroup;
			children = (
				8D4D43B71BB8509E00D63EFA /* MapIt.app */,
				8D4D43D01BB8509E00D63EFA /* MapItTests.xctest */,
				8D4D43DB1BB8509E00D63EFA /* MapItUITests.xctest */,
			);
			name = Products;
			sourceTree = "<group>";
		};
		8D4D43B91BB8509E00D63EFA /* MapIt */ = {
			isa = PBXGroup;
			children = (
				8D4D43BD1BB8509E00D63EFA /* AppDelegate.h */,
				8D4D43BE1BB8509E00D63EFA /* AppDelegate.m */,
				8D4D43C01BB8509E00D63EFA /* ViewController.h */,
				8D4D43C11BB8509E00D63EFA /* ViewController.m */,
				8D4D43EF1BB86BA600D63EFA /* FoursquareAPIManager.h */,
				8D4D43F01BB86BA600D63EFA /* FoursquareAPIManager.m */,
				8D4D43C31BB8509E00D63EFA /* Main.storyboard */,
				8D4D43C61BB8509E00D63EFA /* Assets.xcassets */,
				8D4D43C81BB8509E00D63EFA /* LaunchScreen.storyboard */,
				8D4D43CB1BB8509E00D63EFA /* Info.plist */,
				8D4D43BA1BB8509E00D63EFA /* Supporting Files */,
			);
			path = MapIt;
			sourceTree = "<group>";
		};
		8D4D43BA1BB8509E00D63EFA /* Supporting Files */ = {
			isa = PBXGroup;
			children = (
				8D4D43BB1BB8509E00D63EFA /* main.m */,
			);
			name = "Supporting Files";
			sourceTree = "<group>";
		};
		8D4D43D31BB8509E00D63EFA /* MapItTests */ = {
			isa = PBXGroup;
			children = (
				8D4D43D41BB8509E00D63EFA /* MapItTests.m */,
				8D4D43D61BB8509E00D63EFA /* Info.plist */,
			);
			path = MapItTests;
			sourceTree = "<group>";
		};
		8D4D43DE1BB8509E00D63EFA /* MapItUITests */ = {
			isa = PBXGroup;
			children = (
				8D4D43DF1BB8509E00D63EFA /* MapItUITests.m */,
				8D4D43E11BB8509E00D63EFA /* Info.plist */,
			);
			path = MapItUITests;
			sourceTree = "<group>";
		};
		E4C0B4F4BF2D32E915AA00D3 /* Pods */ = {
			isa = PBXGroup;
			children = (
				E68E06748C7B01B9776E010D /* Pods.debug.xcconfig */,
				AA06FDFB81483FC59C6877B2 /* Pods.release.xcconfig */,
			);
			name = Pods;
			sourceTree = "<group>";
		};
/* End PBXGroup section */

/* Begin PBXNativeTarget section */
		8D4D43B61BB8509E00D63EFA /* MapIt */ = {
			isa = PBXNativeTarget;
			buildConfigurationList = 8D4D43E41BB8509E00D63EFA /* Build configuration list for PBXNativeTarget "MapIt" */;
			buildPhases = (
				99995FF00E9B67602C49D8EE /* Check Pods Manifest.lock */,
				8D4D43B31BB8509E00D63EFA /* Sources */,
				8D4D43B41BB8509E00D63EFA /* Frameworks */,
				8D4D43B51BB8509E00D63EFA /* Resources */,
				C199A5870147EAF3F327A1F7 /* Copy Pods Resources */,
			);
			buildRules = (
			);
			dependencies = (
			);
			name = MapIt;
			productName = MapIt;
			productReference = 8D4D43B71BB8509E00D63EFA /* MapIt.app */;
			productType = "com.apple.product-type.application";
		};
		8D4D43CF1BB8509E00D63EFA /* MapItTests */ = {
			isa = PBXNativeTarget;
			buildConfigurationList = 8D4D43E71BB8509E00D63EFA /* Build configuration list for PBXNativeTarget "MapItTests" */;
			buildPhases = (
				8D4D43CC1BB8509E00D63EFA /* Sources */,
				8D4D43CD1BB8509E00D63EFA /* Frameworks */,
				8D4D43CE1BB8509E00D63EFA /* Resources */,
			);
			buildRules = (
			);
			dependencies = (
				8D4D43D21BB8509E00D63EFA /* PBXTargetDependency */,
			);
			name = MapItTests;
			productName = MapItTests;
			productReference = 8D4D43D01BB8509E00D63EFA /* MapItTests.xctest */;
			productType = "com.apple.product-type.bundle.unit-test";
		};
		8D4D43DA1BB8509E00D63EFA /* MapItUITests */ = {
			isa = PBXNativeTarget;
			buildConfigurationList = 8D4D43EA1BB8509E00D63EFA /* Build configuration list for PBXNativeTarget "MapItUITests" */;
			buildPhases = (
				8D4D43D71BB8509E00D63EFA /* Sources */,
				8D4D43D81BB8509E00D63EFA /* Frameworks */,
				8D4D43D91BB8509E00D63EFA /* Resources */,
			);
			buildRules = (
			);
			dependencies = (
				8D4D43DD1BB8509E00D63EFA /* PBXTargetDependency */,
			);
			name = MapItUITests;
			productName = MapItUITests;
			productReference = 8D4D43DB1BB8509E00D63EFA /* MapItUITests.xctest */;
			productType = "com.apple.product-type.bundle.ui-testing";
		};
/* End PBXNativeTarget section */

/* Begin PBXProject section */
		8D4D43AF1BB8509E00D63EFA /* Project object */ = {
			isa = PBXProject;
			attributes = {
				LastUpgradeCheck = 0700;
				ORGANIZATIONNAME = "Michael Kavouras";
				TargetAttributes = {
					8D4D43B61BB8509E00D63EFA = {
						CreatedOnToolsVersion = 7.0;
					};
					8D4D43CF1BB8509E00D63EFA = {
						CreatedOnToolsVersion = 7.0;
						TestTargetID = 8D4D43B61BB8509E00D63EFA;
					};
					8D4D43DA1BB8509E00D63EFA = {
						CreatedOnToolsVersion = 7.0;
						TestTargetID = 8D4D43B61BB8509E00D63EFA;
					};
				};
			};
			buildConfigurationList = 8D4D43B21BB8509E00D63EFA /* Build configuration list for PBXProject "MapIt" */;
			compatibilityVersion = "Xcode 3.2";
			developmentRegion = English;
			hasScannedForEncodings = 0;
			knownRegions = (
				en,
				Base,
			);
			mainGroup = 8D4D43AE1BB8509E00D63EFA;
			productRefGroup = 8D4D43B81BB8509E00D63EFA /* Products */;
			projectDirPath = "";
			projectRoot = "";
			targets = (
				8D4D43B61BB8509E00D63EFA /* MapIt */,
				8D4D43CF1BB8509E00D63EFA /* MapItTests */,
				8D4D43DA1BB8509E00D63EFA /* MapItUITests */,
			);
		};
/* End PBXProject section */

/* Begin PBXResourcesBuildPhase section */
		8D4D43B51BB8509E00D63EFA /* Resources */ = {
			isa = PBXResourcesBuildPhase;
			buildActionMask = 2147483647;
			files = (
				8D4D43CA1BB8509E00D63EFA /* LaunchScreen.storyboard in Resources */,
				8D4D43C71BB8509E00D63EFA /* Assets.xcassets in Resources */,
				8D4D43C51BB8509E00D63EFA /* Main.storyboard in Resources */,
			);
			runOnlyForDeploymentPostprocessing = 0;
		};
		8D4D43CE1BB8509E00D63EFA /* Resources */ = {
			isa = PBXResourcesBuildPhase;
			buildActionMask = 2147483647;
			files = (
			);
			runOnlyForDeploymentPostprocessing = 0;
		};
		8D4D43D91BB8509E00D63EFA /* Resources */ = {
			isa = PBXResourcesBuildPhase;
			buildActionMask = 2147483647;
			files = (
			);
			runOnlyForDeploymentPostprocessing = 0;
		};
/* End PBXResourcesBuildPhase section */

/* Begin PBXShellScriptBuildPhase section */
		99995FF00E9B67602C49D8EE /* Check Pods Manifest.lock */ = {
			isa = PBXShellScriptBuildPhase;
			buildActionMask = 2147483647;
			files = (
			);
			inputPaths = (
			);
			name = "Check Pods Manifest.lock";
			outputPaths = (
			);
			runOnlyForDeploymentPostprocessing = 0;
			shellPath = /bin/sh;
			shellScript = "diff \"${PODS_ROOT}/../Podfile.lock\" \"${PODS_ROOT}/Manifest.lock\" > /dev/null\nif [[ $? != 0 ]] ; then\n    cat << EOM\nerror: The sandbox is not in sync with the Podfile.lock. Run 'pod install' or update your CocoaPods installation.\nEOM\n    exit 1\nfi\n";
			showEnvVarsInLog = 0;
		};
		C199A5870147EAF3F327A1F7 /* Copy Pods Resources */ = {
			isa = PBXShellScriptBuildPhase;
			buildActionMask = 2147483647;
			files = (
			);
			inputPaths = (
			);
			name = "Copy Pods Resources";
			outputPaths = (
			);
			runOnlyForDeploymentPostprocessing = 0;
			shellPath = /bin/sh;
			shellScript = "\"${SRCROOT}/Pods/Target Support Files/Pods/Pods-resources.sh\"\n";
			showEnvVarsInLog = 0;
		};
/* End PBXShellScriptBuildPhase section */

/* Begin PBXSourcesBuildPhase section */
		8D4D43B31BB8509E00D63EFA /* Sources */ = {
			isa = PBXSourcesBuildPhase;
			buildActionMask = 2147483647;
			files = (
				8D4D43C21BB8509E00D63EFA /* ViewController.m in Sources */,
				8D4D43BF1BB8509E00D63EFA /* AppDelegate.m in Sources */,
				8D4D43BC1BB8509E00D63EFA /* main.m in Sources */,
				8D4D43F11BB86BA600D63EFA /* FoursquareAPIManager.m in Sources */,
			);
			runOnlyForDeploymentPostprocessing = 0;
		};
		8D4D43CC1BB8509E00D63EFA /* Sources */ = {
			isa = PBXSourcesBuildPhase;
			buildActionMask = 2147483647;
			files = (
				8D4D43D51BB8509E00D63EFA /* MapItTests.m in Sources */,
			);
			runOnlyForDeploymentPostprocessing = 0;
		};
		8D4D43D71BB8509E00D63EFA /* Sources */ = {
			isa = PBXSourcesBuildPhase;
			buildActionMask = 2147483647;
			files = (
				8D4D43E01BB8509E00D63EFA /* MapItUITests.m in Sources */,
			);
			runOnlyForDeploymentPostprocessing = 0;
		};
/* End PBXSourcesBuildPhase section */

/* Begin PBXTargetDependency section */
		8D4D43D21BB8509E00D63EFA /* PBXTargetDependency */ = {
			isa = PBXTargetDependency;
			target = 8D4D43B61BB8509E00D63EFA /* MapIt */;
			targetProxy = 8D4D43D11BB8509E00D63EFA /* PBXContainerItemProxy */;
		};
		8D4D43DD1BB8509E00D63EFA /* PBXTargetDependency */ = {
			isa = PBXTargetDependency;
			target = 8D4D43B61BB8509E00D63EFA /* MapIt */;
			targetProxy = 8D4D43DC1BB8509E00D63EFA /* PBXContainerItemProxy */;
		};
/* End PBXTargetDependency section */

/* Begin PBXVariantGroup section */
		8D4D43C31BB8509E00D63EFA /* Main.storyboard */ = {
			isa = PBXVariantGroup;
			children = (
				8D4D43C41BB8509E00D63EFA /* Base */,
			);
			name = Main.storyboard;
			sourceTree = "<group>";
		};
		8D4D43C81BB8509E00D63EFA /* LaunchScreen.storyboard */ = {
			isa = PBXVariantGroup;
			children = (
				8D4D43C91BB8509E00D63EFA /* Base */,
			);
			name = LaunchScreen.storyboard;
			sourceTree = "<group>";
		};
/* End PBXVariantGroup section */

/* Begin XCBuildConfiguration section */
		8D4D43E21BB8509E00D63EFA /* Debug */ = {
			isa = XCBuildConfiguration;
			buildSettings = {
				ALWAYS_SEARCH_USER_PATHS = NO;
				CLANG_CXX_LANGUAGE_STANDARD = "gnu++0x";
				CLANG_CXX_LIBRARY = "libc++";
				CLANG_ENABLE_MODULES = YES;
				CLANG_ENABLE_OBJC_ARC = YES;
				CLANG_WARN_BOOL_CONVERSION = YES;
				CLANG_WARN_CONSTANT_CONVERSION = YES;
				CLANG_WARN_DIRECT_OBJC_ISA_USAGE = YES_ERROR;
				CLANG_WARN_EMPTY_BODY = YES;
				CLANG_WARN_ENUM_CONVERSION = YES;
				CLANG_WARN_INT_CONVERSION = YES;
				CLANG_WARN_OBJC_ROOT_CLASS = YES_ERROR;
				CLANG_WARN_UNREACHABLE_CODE = YES;
				CLANG_WARN__DUPLICATE_METHOD_MATCH = YES;
				"CODE_SIGN_IDENTITY[sdk=iphoneos*]" = "iPhone Developer";
				COPY_PHASE_STRIP = NO;
				DEBUG_INFORMATION_FORMAT = dwarf;
				ENABLE_STRICT_OBJC_MSGSEND = YES;
				ENABLE_TESTABILITY = YES;
				GCC_C_LANGUAGE_STANDARD = gnu99;
				GCC_DYNAMIC_NO_PIC = NO;
				GCC_NO_COMMON_BLOCKS = YES;
				GCC_OPTIMIZATION_LEVEL = 0;
				GCC_PREPROCESSOR_DEFINITIONS = (
					"DEBUG=1",
					"$(inherited)",
				);
				GCC_WARN_64_TO_32_BIT_CONVERSION = YES;
				GCC_WARN_ABOUT_RETURN_TYPE = YES_ERROR;
				GCC_WARN_UNDECLARED_SELECTOR = YES;
				GCC_WARN_UNINITIALIZED_AUTOS = YES_AGGRESSIVE;
				GCC_WARN_UNUSED_FUNCTION = YES;
				GCC_WARN_UNUSED_VARIABLE = YES;
				IPHONEOS_DEPLOYMENT_TARGET = 9.0;
				MTL_ENABLE_DEBUG_INFO = YES;
				ONLY_ACTIVE_ARCH = YES;
				SDKROOT = iphoneos;
			};
			name = Debug;
		};
		8D4D43E31BB8509E00D63EFA /* Release */ = {
			isa = XCBuildConfiguration;
			buildSettings = {
				ALWAYS_SEARCH_USER_PATHS = NO;
				CLANG_CXX_LANGUAGE_STANDARD = "gnu++0x";
				CLANG_CXX_LIBRARY = "libc++";
				CLANG_ENABLE_MODULES = YES;
				CLANG_ENABLE_OBJC_ARC = YES;
				CLANG_WARN_BOOL_CONVERSION = YES;
				CLANG_WARN_CONSTANT_CONVERSION = YES;
				CLANG_WARN_DIRECT_OBJC_ISA_USAGE = YES_ERROR;
				CLANG_WARN_EMPTY_BODY = YES;
				CLANG_WARN_ENUM_CONVERSION = YES;
				CLANG_WARN_INT_CONVERSION = YES;
				CLANG_WARN_OBJC_ROOT_CLASS = YES_ERROR;
				CLANG_WARN_UNREACHABLE_CODE = YES;
				CLANG_WARN__DUPLICATE_METHOD_MATCH = YES;
				"CODE_SIGN_IDENTITY[sdk=iphoneos*]" = "iPhone Developer";
				COPY_PHASE_STRIP = NO;
				DEBUG_INFORMATION_FORMAT = "dwarf-with-dsym";
				ENABLE_NS_ASSERTIONS = NO;
				ENABLE_STRICT_OBJC_MSGSEND = YES;
				GCC_C_LANGUAGE_STANDARD = gnu99;
				GCC_NO_COMMON_BLOCKS = YES;
				GCC_WARN_64_TO_32_BIT_CONVERSION = YES;
				GCC_WARN_ABOUT_RETURN_TYPE = YES_ERROR;
				GCC_WARN_UNDECLARED_SELECTOR = YES;
				GCC_WARN_UNINITIALIZED_AUTOS = YES_AGGRESSIVE;
				GCC_WARN_UNUSED_FUNCTION = YES;
				GCC_WARN_UNUSED_VARIABLE = YES;
				IPHONEOS_DEPLOYMENT_TARGET = 9.0;
				MTL_ENABLE_DEBUG_INFO = NO;
				SDKROOT = iphoneos;
				VALIDATE_PRODUCT = YES;
			};
			name = Release;
		};
		8D4D43E51BB8509E00D63EFA /* Debug */ = {
			isa = XCBuildConfiguration;
			baseConfigurationReference = E68E06748C7B01B9776E010D /* Pods.debug.xcconfig */;
			buildSettings = {
				ASSETCATALOG_COMPILER_APPICON_NAME = AppIcon;
				INFOPLIST_FILE = MapIt/Info.plist;
				LD_RUNPATH_SEARCH_PATHS = "$(inherited) @executable_path/Frameworks";
				PRODUCT_BUNDLE_IDENTIFIER = com.mikekavouras.MapIt;
				PRODUCT_NAME = "$(TARGET_NAME)";
			};
			name = Debug;
		};
		8D4D43E61BB8509E00D63EFA /* Release */ = {
			isa = XCBuildConfiguration;
			baseConfigurationReference = AA06FDFB81483FC59C6877B2 /* Pods.release.xcconfig */;
			buildSettings = {
				ASSETCATALOG_COMPILER_APPICON_NAME = AppIcon;
				INFOPLIST_FILE = MapIt/Info.plist;
				LD_RUNPATH_SEARCH_PATHS = "$(inherited) @executable_path/Frameworks";
				PRODUCT_BUNDLE_IDENTIFIER = com.mikekavouras.MapIt;
				PRODUCT_NAME = "$(TARGET_NAME)";
			};
			name = Release;
		};
		8D4D43E81BB8509E00D63EFA /* Debug */ = {
			isa = XCBuildConfiguration;
			buildSettings = {
				BUNDLE_LOADER = "$(TEST_HOST)";
				INFOPLIST_FILE = MapItTests/Info.plist;
				LD_RUNPATH_SEARCH_PATHS = "$(inherited) @executable_path/Frameworks @loader_path/Frameworks";
				PRODUCT_BUNDLE_IDENTIFIER = com.mikekavouras.MapItTests;
				PRODUCT_NAME = "$(TARGET_NAME)";
				TEST_HOST = "$(BUILT_PRODUCTS_DIR)/MapIt.app/MapIt";
			};
			name = Debug;
		};
		8D4D43E91BB8509E00D63EFA /* Release */ = {
			isa = XCBuildConfiguration;
			buildSettings = {
				BUNDLE_LOADER = "$(TEST_HOST)";
				INFOPLIST_FILE = MapItTests/Info.plist;
				LD_RUNPATH_SEARCH_PATHS = "$(inherited) @executable_path/Frameworks @loader_path/Frameworks";
				PRODUCT_BUNDLE_IDENTIFIER = com.mikekavouras.MapItTests;
				PRODUCT_NAME = "$(TARGET_NAME)";
				TEST_HOST = "$(BUILT_PRODUCTS_DIR)/MapIt.app/MapIt";
			};
			name = Release;
		};
		8D4D43EB1BB8509E00D63EFA /* Debug */ = {
			isa = XCBuildConfiguration;
			buildSettings = {
				INFOPLIST_FILE = MapItUITests/Info.plist;
				LD_RUNPATH_SEARCH_PATHS = "$(inherited) @executable_path/Frameworks @loader_path/Frameworks";
				PRODUCT_BUNDLE_IDENTIFIER = com.mikekavouras.MapItUITests;
				PRODUCT_NAME = "$(TARGET_NAME)";
				TEST_TARGET_NAME = MapIt;
				USES_XCTRUNNER = YES;
			};
			name = Debug;
		};
		8D4D43EC1BB8509E00D63EFA /* Release */ = {
			isa = XCBuildConfiguration;
			buildSettings = {
				INFOPLIST_FILE = MapItUITests/Info.plist;
				LD_RUNPATH_SEARCH_PATHS = "$(inherited) @executable_path/Frameworks @loader_path/Frameworks";
				PRODUCT_BUNDLE_IDENTIFIER = com.mikekavouras.MapItUITests;
				PRODUCT_NAME = "$(TARGET_NAME)";
				TEST_TARGET_NAME = MapIt;
				USES_XCTRUNNER = YES;
			};
			name = Release;
		};
/* End XCBuildConfiguration section */

/* Begin XCConfigurationList section */
		8D4D43B21BB8509E00D63EFA /* Build configuration list for PBXProject "MapIt" */ = {
			isa = XCConfigurationList;
			buildConfigurations = (
				8D4D43E21BB8509E00D63EFA /* Debug */,
				8D4D43E31BB8509E00D63EFA /* Release */,
			);
			defaultConfigurationIsVisible = 0;
			defaultConfigurationName = Release;
		};
		8D4D43E41BB8509E00D63EFA /* Build configuration list for PBXNativeTarget "MapIt" */ = {
			isa = XCConfigurationList;
			buildConfigurations = (
				8D4D43E51BB8509E00D63EFA /* Debug */,
				8D4D43E61BB8509E00D63EFA /* Release */,
			);
			defaultConfigurationIsVisible = 0;
			defaultConfigurationName = Release;
		};
		8D4D43E71BB8509E00D63EFA /* Build configuration list for PBXNativeTarget "MapItTests" */ = {
			isa = XCConfigurationList;
			buildConfigurations = (
				8D4D43E81BB8509E00D63EFA /* Debug */,
				8D4D43E91BB8509E00D63EFA /* Release */,
			);
			defaultConfigurationIsVisible = 0;
			defaultConfigurationName = Release;
		};
		8D4D43EA1BB8509E00D63EFA /* Build configuration list for PBXNativeTarget "MapItUITests" */ = {
			isa = XCConfigurationList;
			buildConfigurations = (
				8D4D43EB1BB8509E00D63EFA /* Debug */,
				8D4D43EC1BB8509E00D63EFA /* Release */,
			);
			defaultConfigurationIsVisible = 0;
			defaultConfigurationName = Release;
		};
/* End XCConfigurationList section */
	};
	rootObject = 8D4D43AF1BB8509E00D63EFA /* Project object */;
}
